{
  "requires": true,
  "lockfileVersion": 1,
  "dependencies": {
    "FileSaver": {
      "version": "0.10.0",
      "resolved": "https://registry.npmjs.org/FileSaver/-/FileSaver-0.10.0.tgz",
      "integrity": "sha1-fe84iZREWAQu9d8ukGTIjj0igcc="
    },
    "ajax": {
      "version": "0.0.4",
      "resolved": "https://registry.npmjs.org/ajax/-/ajax-0.0.4.tgz",
      "integrity": "sha1-tvTOi9WQ9fS6Lc/eEd54nyCfJCM=",
      "requires": {
        "underscore": "^1.9.1"
      }
    },
    "filesaver": {
      "version": "0.0.13",
      "resolved": "https://registry.npmjs.org/filesaver/-/filesaver-0.0.13.tgz",
      "integrity": "sha1-+psqwTcdQ2/l7ckoXtmY0eJ4K+4=",
      "requires": {
        "mkdirp": "^0.5.0",
        "safename": "0.0.4"
      }
    },
    "jquery": {
      "version": "3.3.1",
      "resolved": "https://registry.npmjs.org/jquery/-/jquery-3.3.1.tgz",
      "integrity": "sha512-Ubldcmxp5np52/ENotGxlLe6aGMvmF4R8S6tZjsP6Knsaxd/xp3Zrh50cG93lR6nPXyUFwzN3ZSOQI0wRJNdGg=="
    },
    "minimist": {
      "version": "0.0.8",
      "resolved": "https://registry.npmjs.org/minimist/-/minimist-0.0.8.tgz",
      "integrity": "sha1-hX/Kv8M5fSYluCKCYuhqp6ARsF0="
    },
    "mkdirp": {
      "version": "0.5.1",
      "resolved": "https://registry.npmjs.org/mkdirp/-/mkdirp-0.5.1.tgz",
      "integrity": "sha1-MAV0OOrGz3+MR2fzhkjWaX11yQM=",
      "requires": {
        "minimist": "0.0.8"
      }
    },
    "safename": {
      "version": "0.0.4",
      "resolved": "https://registry.npmjs.org/safename/-/safename-0.0.4.tgz",
      "integrity": "sha1-uCw7bbcNlDoFgvkFL7+/67tYmvU="
    },
    "underscore": {
      "version": "1.9.1",
      "resolved": "https://registry.npmjs.org/underscore/-/underscore-1.9.1.tgz",
      "integrity": "sha512-5/4etnCkd9c8gwgowi5/om/mYO5ajCaOgdzj/oW+0eQV9WxKBDZw5+ycmKmeaTXjInS/W0BzpGLo2xR2aBwZdg=="
    }
  }
}
